github.com/envoyproxy/envoy v1.30.1-0.20240618211207-87bc8a9bc8b3 h1:bN7TfXdMaGP5FUQSCokwYfCuxWU/hK07SzTnH7Vv0W4=
github.com/envoyproxy/envoy v1.30.1-0.20240618211207-87bc8a9bc8b3/go.mod h1:ujBFxE543X8OePZG+FbeR9LnpBxTLu64IAU7A20EB9A=
github.com/google/go-cmp v0.5.9 h1:O2Tfq5qg4qc4AmwVlvv0oLiVAGB7enBSJ2x2DqQFi38=
google.golang.org/protobuf v1.34.2 h1:6xV6lTsCfpGD21XK49h7MhtcApnLqkfYgPcdHftf6hg=
google.golang.org/protobuf v1.34.2/go.mod h1:qYOHts0dSfpeUzUFpOMr/WGzszTmLH+DiWniOlNbLDw=
